
Microsoft Visual Studio Solution File, Format Version 12.00
# Visual Studio Version 18
VisualStudioVersion = 18.7.12002.237
MinimumVisualStudioVersion = 10.0.40219.1
Project("{FAE04EC0-301F-11D3-BF4B-00C04F79EFBC}") = "CommonClass", "CommonClass\CommonClass.csproj", "{4406928A-3188-4FD4-9E6E-CA5ABCE4ADB4}"
EndProject
Project("{FAE04EC0-301F-11D3-BF4B-00C04F79EFBC}") = "DBHandler", "DBHandler\DBHandler.csproj", "{6CD665D7-A34A-44CB-8379-6362B5D1C59B}"
EndProject
Project("{FAE04EC0-301F-11D3-BF4B-00C04F79EFBC}") = "LogHandler", "LogHandler\LogHandler.csproj", "{860E802C-EAFB-4081-9EFC-6BE6697C055F}"
EndProject
Project("{FAE04EC0-301F-11D3-BF4B-00C04F79EFBC}") = "SerialHandler", "SerialSetting\SerialHandler.csproj", "{B6078665-6FEE-42EE-91FD-21B5F45E0396}"
EndProject
Project("{FAE04EC0-301F-11D3-BF4B-00C04F79EFBC}") = "SocketClient", "SocketClient\SocketClient.csproj", "{507443B6-854C-49B0-A8C0-BDE1413E15AF}"
EndProject
Project("{FAE04EC0-301F-11D3-BF4B-00C04F79EFBC}") = "AsyncSocket", "AsyncSocket\AsyncSocket.csproj", "{FBEF0024-C416-41D6-8D39-103EE7D094DC}"
EndProject
Project("{FAE04EC0-301F-11D3-BF4B-00C04F79EFBC}") = "JobHandler", "JobHandler\JobHandler.csproj", "{4F387E6B-244E-46A1-99E0-E0DC8B041B1D}"
EndProject
Project("{FAE04EC0-301F-11D3-BF4B-00C04F79EFBC}") = "ZebraPrinter", "ZebraPrinter\ZebraPrinter.csproj", "{1FDF80A2-3CF4-4F46-A8C7-1AA787496DF5}"
EndProject
Project("{FAE04EC0-301F-11D3-BF4B-00C04F79EFBC}") = "ToolHandler", "ToolHandler\ToolHandler.csproj", "{3479890C-3A66-4967-88AA-1B2E37CA3BFE}"
EndProject
Global
	GlobalSection(SolutionConfigurationPlatforms) = preSolution
		Debug|Any CPU = Debug|Any CPU
		Debug|x64 = Debug|x64
		Debug|x86 = Debug|x86
		Release|Any CPU = Release|Any CPU
		Release|x64 = Release|x64
		Release|x86 = Release|x86
	EndGlobalSection
	GlobalSection(ProjectConfigurationPlatforms) = postSolution
		{4406928A-3188-4FD4-9E6E-CA5ABCE4ADB4}.Debug|Any CPU.ActiveCfg = Debug|Any CPU
		{4406928A-3188-4FD4-9E6E-CA5ABCE4ADB4}.Debug|Any CPU.Build.0 = Debug|Any CPU
		{4406928A-3188-4FD4-9E6E-CA5ABCE4ADB4}.Debug|x64.ActiveCfg = Debug|Any CPU
		{4406928A-3188-4FD4-9E6E-CA5ABCE4ADB4}.Debug|x64.Build.0 = Debug|Any CPU
		{4406928A-3188-4FD4-9E6E-CA5ABCE4ADB4}.Debug|x86.ActiveCfg = Debug|Any CPU
		{4406928A-3188-4FD4-9E6E-CA5ABCE4ADB4}.Debug|x86.Build.0 = Debug|Any CPU
		{4406928A-3188-4FD4-9E6E-CA5ABCE4ADB4}.Release|Any CPU.ActiveCfg = Release|Any CPU
		{4406928A-3188-4FD4-9E6E-CA5ABCE4ADB4}.Release|Any CPU.Build.0 = Release|Any CPU
		{4406928A-3188-4FD4-9E6E-CA5ABCE4ADB4}.Release|x64.ActiveCfg = Release|Any CPU
		{4406928A-3188-4FD4-9E6E-CA5ABCE4ADB4}.Release|x64.Build.0 = Release|Any CPU
		{4406928A-3188-4FD4-9E6E-CA5ABCE4ADB4}.Release|x86.ActiveCfg = Release|Any CPU
		{4406928A-3188-4FD4-9E6E-CA5ABCE4ADB4}.Release|x86.Build.0 = Release|Any CPU
		{6CD665D7-A34A-44CB-8379-6362B5D1C59B}.Debug|Any CPU.ActiveCfg = Debug|Any CPU
		{6CD665D7-A34A-44CB-8379-6362B5D1C59B}.Debug|Any CPU.Build.0 = Debug|Any CPU
		{6CD665D7-A34A-44CB-8379-6362B5D1C59B}.Debug|x64.ActiveCfg = Debug|Any CPU
		{6CD665D7-A34A-44CB-8379-6362B5D1C59B}.Debug|x64.Build.0 = Debug|Any CPU
		{6CD665D7-A34A-44CB-8379-6362B5D1C59B}.Debug|x86.ActiveCfg = Debug|Any CPU
		{6CD665D7-A34A-44CB-8379-6362B5D1C59B}.Debug|x86.Build.0 = Debug|Any CPU
		{6CD665D7-A34A-44CB-8379-6362B5D1C59B}.Release|Any CPU.ActiveCfg = Release|Any CPU
		{6CD665D7-A34A-44CB-8379-6362B5D1C59B}.Release|Any CPU.Build.0 = Release|Any CPU
		{6CD665D7-A34A-44CB-8379-6362B5D1C59B}.Release|x64.ActiveCfg = Release|Any CPU
		{6CD665D7-A34A-44CB-8379-6362B5D1C59B}.Release|x64.Build.0 = Release|Any CPU
		{6CD665D7-A34A-44CB-8379-6362B5D1C59B}.Release|x86.ActiveCfg = Release|Any CPU
		{6CD665D7-A34A-44CB-8379-6362B5D1C59B}.Release|x86.Build.0 = Release|Any CPU
		{860E802C-EAFB-4081-9EFC-6BE6697C055F}.Debug|Any CPU.ActiveCfg = Debug|Any CPU
		{860E802C-EAFB-4081-9EFC-6BE6697C055F}.Debug|Any CPU.Build.0 = Debug|Any CPU
		{860E802C-EAFB-4081-9EFC-6BE6697C055F}.Debug|x64.ActiveCfg = Debug|Any CPU
		{860E802C-EAFB-4081-9EFC-6BE6697C055F}.Debug|x64.Build.0 = Debug|Any CPU
		{860E802C-EAFB-4081-9EFC-6BE6697C055F}.Debug|x86.ActiveCfg = Debug|Any CPU
		{860E802C-EAFB-4081-9EFC-6BE6697C055F}.Debug|x86.Build.0 = Debug|Any CPU
		{860E802C-EAFB-4081-9EFC-6BE6697C055F}.Release|Any CPU.ActiveCfg = Release|Any CPU
		{860E802C-EAFB-4081-9EFC-6BE6697C055F}.Release|Any CPU.Build.0 = Release|Any CPU
		{860E802C-EAFB-4081-9EFC-6BE6697C055F}.Release|x64.ActiveCfg = Release|Any CPU
		{860E802C-EAFB-4081-9EFC-6BE6697C055F}.Release|x64.Build.0 = Release|Any CPU
		{860E802C-EAFB-4081-9EFC-6BE6697C055F}.Release|x86.ActiveCfg = Release|Any CPU
		{860E802C-EAFB-4081-9EFC-6BE6697C055F}.Release|x86.Build.0 = Release|Any CPU
		{B6078665-6FEE-42EE-91FD-21B5F45E0396}.Debug|Any CPU.ActiveCfg = Debug|Any CPU
		{B6078665-6FEE-42EE-91FD-21B5F45E0396}.Debug|Any CPU.Build.0 = Debug|Any CPU
		{B6078665-6FEE-42EE-91FD-21B5F45E0396}.Debug|x64.ActiveCfg = Debug|Any CPU
		{B6078665-6FEE-42EE-91FD-21B5F45E0396}.Debug|x64.Build.0 = Debug|Any CPU
		{B6078665-6FEE-42EE-91FD-21B5F45E0396}.Debug|x86.ActiveCfg = Debug|Any CPU
		{B6078665-6FEE-42EE-91FD-21B5F45E0396}.Debug|x86.Build.0 = Debug|Any CPU
		{B6078665-6FEE-42EE-91FD-21B5F45E0396}.Release|Any CPU.ActiveCfg = Release|Any CPU
		{B6078665-6FEE-42EE-91FD-21B5F45E0396}.Release|Any CPU.Build.0 = Release|Any CPU
		{B6078665-6FEE-42EE-91FD-21B5F45E0396}.Release|x64.ActiveCfg = Release|Any CPU
		{B6078665-6FEE-42EE-91FD-21B5F45E0396}.Release|x64.Build.0 = Release|Any CPU
		{B6078665-6FEE-42EE-91FD-21B5F45E0396}.Release|x86.ActiveCfg = Release|Any CPU
		{B6078665-6FEE-42EE-91FD-21B5F45E0396}.Release|x86.Build.0 = Release|Any CPU
		{507443B6-854C-49B0-A8C0-BDE1413E15AF}.Debug|Any CPU.ActiveCfg = Debug|Any CPU
		{507443B6-854C-49B0-A8C0-BDE1413E15AF}.Debug|Any CPU.Build.0 = Debug|Any CPU
		{507443B6-854C-49B0-A8C0-BDE1413E15AF}.Debug|x64.ActiveCfg = Debug|Any CPU
		{507443B6-854C-49B0-A8C0-BDE1413E15AF}.Debug|x64.Build.0 = Debug|Any CPU
		{507443B6-854C-49B0-A8C0-BDE1413E15AF}.Debug|x86.ActiveCfg = Debug|Any CPU
		{507443B6-854C-49B0-A8C0-BDE1413E15AF}.Debug|x86.Build.0 = Debug|Any CPU
		{507443B6-854C-49B0-A8C0-BDE1413E15AF}.Release|Any CPU.ActiveCfg = Release|Any CPU
		{507443B6-854C-49B0-A8C0-BDE1413E15AF}.Release|Any CPU.Build.0 = Release|Any CPU
		{507443B6-854C-49B0-A8C0-BDE1413E15AF}.Release|x64.ActiveCfg = Release|Any CPU
		{507443B6-854C-49B0-A8C0-BDE1413E15AF}.Release|x64.Build.0 = Release|Any CPU
		{507443B6-854C-49B0-A8C0-BDE1413E15AF}.Release|x86.ActiveCfg = Release|Any CPU
		{507443B6-854C-49B0-A8C0-BDE1413E15AF}.Release|x86.Build.0 = Release|Any CPU
		{FBEF0024-C416-41D6-8D39-103EE7D094DC}.Debug|Any CPU.ActiveCfg = Debug|Any CPU
		{FBEF0024-C416-41D6-8D39-103EE7D094DC}.Debug|Any CPU.Build.0 = Debug|Any CPU
		{FBEF0024-C416-41D6-8D39-103EE7D094DC}.Debug|x64.ActiveCfg = Debug|Any CPU
		{FBEF0024-C416-41D6-8D39-103EE7D094DC}.Debug|x64.Build.0 = Debug|Any CPU
		{FBEF0024-C416-41D6-8D39-103EE7D094DC}.Debug|x86.ActiveCfg = Debug|Any CPU
		{FBEF0024-C416-41D6-8D39-103EE7D094DC}.Debug|x86.Build.0 = Debug|Any CPU
		{FBEF0024-C416-41D6-8D39-103EE7D094DC}.Release|Any CPU.ActiveCfg = Release|Any CPU
		{FBEF0024-C416-41D6-8D39-103EE7D094DC}.Release|Any CPU.Build.0 = Release|Any CPU
		{FBEF0024-C416-41D6-8D39-103EE7D094DC}.Release|x64.ActiveCfg = Release|Any CPU
		{FBEF0024-C416-41D6-8D39-103EE7D094DC}.Release|x64.Build.0 = Release|Any CPU
		{FBEF0024-C416-41D6-8D39-103EE7D094DC}.Release|x86.ActiveCfg = Release|Any CPU
		{FBEF0024-C416-41D6-8D39-103EE7D094DC}.Release|x86.Build.0 = Release|Any CPU
		{4F387E6B-244E-46A1-99E0-E0DC8B041B1D}.Debug|Any CPU.ActiveCfg = Debug|Any CPU
		{4F387E6B-244E-46A1-99E0-E0DC8B041B1D}.Debug|Any CPU.Build.0 = Debug|Any CPU
		{4F387E6B-244E-46A1-99E0-E0DC8B041B1D}.Debug|x64.ActiveCfg = Debug|Any CPU
		{4F387E6B-244E-46A1-99E0-E0DC8B041B1D}.Debug|x64.Build.0 = Debug|Any CPU
		{4F387E6B-244E-46A1-99E0-E0DC8B041B1D}.Debug|x86.ActiveCfg = Debug|Any CPU
		{4F387E6B-244E-46A1-99E0-E0DC8B041B1D}.Debug|x86.Build.0 = Debug|Any CPU
		{4F387E6B-244E-46A1-99E0-E0DC8B041B1D}.Release|Any CPU.ActiveCfg = Release|Any CPU
		{4F387E6B-244E-46A1-99E0-E0DC8B041B1D}.Release|Any CPU.Build.0 = Release|Any CPU
		{4F387E6B-244E-46A1-99E0-E0DC8B041B1D}.Release|x64.ActiveCfg = Release|Any CPU
		{4F387E6B-244E-46A1-99E0-E0DC8B041B1D}.Release|x64.Build.0 = Release|Any CPU
		{4F387E6B-244E-46A1-99E0-E0DC8B041B1D}.Release|x86.ActiveCfg = Release|Any CPU
		{4F387E6B-244E-46A1-99E0-E0DC8B041B1D}.Release|x86.Build.0 = Release|Any CPU
		{1FDF80A2-3CF4-4F46-A8C7-1AA787496DF5}.Debug|Any CPU.ActiveCfg = Debug|Any CPU
		{1FDF80A2-3CF4-4F46-A8C7-1AA787496DF5}.Debug|Any CPU.Build.0 = Debug|Any CPU
		{1FDF80A2-3CF4-4F46-A8C7-1AA787496DF5}.Debug|x64.ActiveCfg = Debug|Any CPU
		{1FDF80A2-3CF4-4F46-A8C7-1AA787496DF5}.Debug|x64.Build.0 = Debug|Any CPU
		{1FDF80A2-3CF4-4F46-A8C7-1AA787496DF5}.Debug|x86.ActiveCfg = Debug|Any CPU
		{1FDF80A2-3CF4-4F46-A8C7-1AA787496DF5}.Debug|x86.Build.0 = Debug|Any CPU
		{1FDF80A2-3CF4-4F46-A8C7-1AA787496DF5}.Release|Any CPU.ActiveCfg = Release|Any CPU
		{1FDF80A2-3CF4-4F46-A8C7-1AA787496DF5}.Release|Any CPU.Build.0 = Release|Any CPU
		{1FDF80A2-3CF4-4F46-A8C7-1AA787496DF5}.Release|x64.ActiveCfg = Release|Any CPU
		{1FDF80A2-3CF4-4F46-A8C7-1AA787496DF5}.Release|x64.Build.0 = Release|Any CPU
		{1FDF80A2-3CF4-4F46-A8C7-1AA787496DF5}.Release|x86.ActiveCfg = Release|Any CPU
		{1FDF80A2-3CF4-4F46-A8C7-1AA787496DF5}.Release|x86.Build.0 = Release|Any CPU
		{3479890C-3A66-4967-88AA-1B2E37CA3BFE}.Debug|Any CPU.ActiveCfg = Debug|Any CPU
		{3479890C-3A66-4967-88AA-1B2E37CA3BFE}.Debug|Any CPU.Build.0 = Debug|Any CPU
		{3479890C-3A66-4967-88AA-1B2E37CA3BFE}.Debug|x64.ActiveCfg = Debug|Any CPU
		{3479890C-3A66-4967-88AA-1B2E37CA3BFE}.Debug|x64.Build.0 = Debug|Any CPU
		{3479890C-3A66-4967-88AA-1B2E37CA3BFE}.Debug|x86.ActiveCfg = Debug|Any CPU
		{3479890C-3A66-4967-88AA-1B2E37CA3BFE}.Debug|x86.Build.0 = Debug|Any CPU
		{3479890C-3A66-4967-88AA-1B2E37CA3BFE}.Release|Any CPU.ActiveCfg = Release|Any CPU
		{3479890C-3A66-4967-88AA-1B2E37CA3BFE}.Release|Any CPU.Build.0 = Release|Any CPU
		{3479890C-3A66-4967-88AA-1B2E37CA3BFE}.Release|x64.ActiveCfg = Release|Any CPU
		{3479890C-3A66-4967-88AA-1B2E37CA3BFE}.Release|x64.Build.0 = Release|Any CPU
		{3479890C-3A66-4967-88AA-1B2E37CA3BFE}.Release|x86.ActiveCfg = Release|Any CPU
		{3479890C-3A66-4967-88AA-1B2E37CA3BFE}.Release|x86.Build.0 = Release|Any CPU
	EndGlobalSection
	GlobalSection(SolutionProperties) = preSolution
		HideSolutionNode = FALSE
	EndGlobalSection
	GlobalSection(ExtensibilityGlobals) = postSolution
		SolutionGuid = {92755BA7-DA34-4BEF-B879-D54C5DD4C3BB}
	EndGlobalSection
EndGlobal
